// !$*UTF8*$!
{
	archiveVersion = 1;
	classes = {
	};
	objectVersion = 46;
	objects = {

/* Begin PBXBuildFile section */
		1F6FD70B188438C100DA1F6C /* WXForecastTableViewController.m in Sources */ = {isa = PBXBuildFile; fileRef = 1F6FD70A188438C100DA1F6C /* WXForecastTableViewController.m */; };
		1F6FD70C188438C100DA1F6C /* WXForecastTableViewController.m in Sources */ = {isa = PBXBuildFile; fileRef = 1F6FD70A188438C100DA1F6C /* WXForecastTableViewController.m */; };
		1FA30084188164F60070114A /* UIView+AutoLayout.m in Sources */ = {isa = PBXBuildFile; fileRef = 1FA30083188164F60070114A /* UIView+AutoLayout.m */; };
		1FA30085188164F60070114A /* UIView+AutoLayout.m in Sources */ = {isa = PBXBuildFile; fileRef = 1FA30083188164F60070114A /* UIView+AutoLayout.m */; };
		3C425F8A187C51A5001CE448 /* WXController.m in Sources */ = {isa = PBXBuildFile; fileRef = 3C425F89187C51A5001CE448 /* WXController.m */; };
		3C425F8B187C51A5001CE448 /* WXController.m in Sources */ = {isa = PBXBuildFile; fileRef = 3C425F89187C51A5001CE448 /* WXController.m */; };
		3C425FDE187C5E5A001CE448 /* WXClient.m in Sources */ = {isa = PBXBuildFile; fileRef = 3C425FDD187C5E5A001CE448 /* WXClient.m */; };
		3C425FDF187C5E5A001CE448 /* WXClient.m in Sources */ = {isa = PBXBuildFile; fileRef = 3C425FDD187C5E5A001CE448 /* WXClient.m */; };
		3C425FE2187C5E65001CE448 /* WXManager.m in Sources */ = {isa = PBXBuildFile; fileRef = 3C425FE1187C5E65001CE448 /* WXManager.m */; };
		3C425FE3187C5E65001CE448 /* WXManager.m in Sources */ = {isa = PBXBuildFile; fileRef = 3C425FE1187C5E65001CE448 /* WXManager.m */; };
		3C425FE6187C5E7E001CE448 /* WXCondition.m in Sources */ = {isa = PBXBuildFile; fileRef = 3C425FE5187C5E7E001CE448 /* WXCondition.m */; };
		3C425FE7187C5E7E001CE448 /* WXCondition.m in Sources */ = {isa = PBXBuildFile; fileRef = 3C425FE5187C5E7E001CE448 /* WXCondition.m */; };
		3C425FEA187C5E98001CE448 /* WXDailyForecast.m in Sources */ = {isa = PBXBuildFile; fileRef = 3C425FE9187C5E98001CE448 /* WXDailyForecast.m */; };
		3C425FEB187C5E98001CE448 /* WXDailyForecast.m in Sources */ = {isa = PBXBuildFile; fileRef = 3C425FE9187C5E98001CE448 /* WXDailyForecast.m */; };
		3C6BB26E187C4EAC00F4EC8F /* Foundation.framework in Frameworks */ = {isa = PBXBuildFile; fileRef = 3C6BB26D187C4EAC00F4EC8F /* Foundation.framework */; };
		3C6BB270187C4EAC00F4EC8F /* CoreGraphics.framework in Frameworks */ = {isa = PBXBuildFile; fileRef = 3C6BB26F187C4EAC00F4EC8F /* CoreGraphics.framework */; };
		3C6BB272187C4EAC00F4EC8F /* UIKit.framework in Frameworks */ = {isa = PBXBuildFile; fileRef = 3C6BB271187C4EAC00F4EC8F /* UIKit.framework */; };
		3C6BB278187C4EAC00F4EC8F /* InfoPlist.strings in Resources */ = {isa = PBXBuildFile; fileRef = 3C6BB276187C4EAC00F4EC8F /* InfoPlist.strings */; };
		3C6BB27A187C4EAC00F4EC8F /* main.m in Sources */ = {isa = PBXBuildFile; fileRef = 3C6BB279187C4EAC00F4EC8F /* main.m */; };
		3C6BB27E187C4EAC00F4EC8F /* JKAppDelegate.m in Sources */ = {isa = PBXBuildFile; fileRef = 3C6BB27D187C4EAC00F4EC8F /* JKAppDelegate.m */; };
		3C6BB280187C4EAC00F4EC8F /* Images.xcassets in Resources */ = {isa = PBXBuildFile; fileRef = 3C6BB27F187C4EAC00F4EC8F /* Images.xcassets */; };
		3C6BB287187C4EAC00F4EC8F /* XCTest.framework in Frameworks */ = {isa = PBXBuildFile; fileRef = 3C6BB286187C4EAC00F4EC8F /* XCTest.framework */; };
		3C6BB288187C4EAC00F4EC8F /* Foundation.framework in Frameworks */ = {isa = PBXBuildFile; fileRef = 3C6BB26D187C4EAC00F4EC8F /* Foundation.framework */; };
		3C6BB289187C4EAC00F4EC8F /* UIKit.framework in Frameworks */ = {isa = PBXBuildFile; fileRef = 3C6BB271187C4EAC00F4EC8F /* UIKit.framework */; };
		3C6BB291187C4EAC00F4EC8F /* InfoPlist.strings in Resources */ = {isa = PBXBuildFile; fileRef = 3C6BB28F187C4EAC00F4EC8F /* InfoPlist.strings */; };
		3C6BB293187C4EAC00F4EC8F /* SimpleWeatherTests.m in Sources */ = {isa = PBXBuildFile; fileRef = 3C6BB292187C4EAC00F4EC8F /* SimpleWeatherTests.m */; };
		75545EBF1F53424DBF60F10E /* libPods.a in Frameworks */ = {isa = PBXBuildFile; fileRef = 1914E24D291F407396742FE0 /* libPods.a */; };
/* End PBXBuildFile section */

/* Begin PBXContainerItemProxy section */
		3C6BB28A187C4EAC00F4EC8F /* PBXContainerItemProxy */ = {
			isa = PBXContainerItemProxy;
			containerPortal = 3C6BB262187C4EAC00F4EC8F /* Project object */;
			proxyType = 1;
			remoteGlobalIDString = 3C6BB269187C4EAC00F4EC8F;
			remoteInfo = SimpleWeather;
		};
/* End PBXContainerItemProxy section */

/* Begin PBXFileReference section */
		1914E24D291F407396742FE0 /* libPods.a */ = {isa = PBXFileReference; explicitFileType = archive.ar; includeInIndex = 0; path = libPods.a; sourceTree = BUILT_PRODUCTS_DIR; };
		1F6FD709188438C100DA1F6C /* WXForecastTableViewController.h */ = {isa = PBXFileReference; fileEncoding = 4; lastKnownFileType = sourcecode.c.h; path = WXForecastTableViewController.h; sourceTree = "<group>"; };
		1F6FD70A188438C100DA1F6C /* WXForecastTableViewController.m */ = {isa = PBXFileReference; fileEncoding = 4; lastKnownFileType = sourcecode.c.objc; path = WXForecastTableViewController.m; sourceTree = "<group>"; };
		1FA30082188164F60070114A /* UIView+AutoLayout.h */ = {isa = PBXFileReference; fileEncoding = 4; lastKnownFileType = sourcecode.c.h; path = "UIView+AutoLayout.h"; sourceTree = "<group>"; };
		1FA30083188164F60070114A /* UIView+AutoLayout.m */ = {isa = PBXFileReference; fileEncoding = 4; lastKnownFileType = sourcecode.c.objc; path = "UIView+AutoLayout.m"; sourceTree = "<group>"; };
		2C85E4DBEE304FF3BC3D74AA /* Pods.xcconfig */ = {isa = PBXFileReference; includeInIndex = 1; lastKnownFileType = text.xcconfig; name = Pods.xcconfig; path = Pods/Pods.xcconfig; sourceTree = "<group>"; };
		3C425F88187C51A5001CE448 /* WXController.h */ = {isa = PBXFileReference; fileEncoding = 4; lastKnownFileType = sourcecode.c.h; path = WXController.h; sourceTree = "<group>"; };
		3C425F89187C51A5001CE448 /* WXController.m */ = {isa = PBXFileReference; fileEncoding = 4; lastKnownFileType = sourcecode.c.objc; path = WXController.m; sourceTree = "<group>"; };
		3C425FDC187C5E5A001CE448 /* WXClient.h */ = {isa = PBXFileReference; fileEncoding = 4; lastKnownFileType = sourcecode.c.h; path = WXClient.h; sourceTree = "<group>"; };
		3C425FDD187C5E5A001CE448 /* WXClient.m */ = {isa = PBXFileReference; fileEncoding = 4; lastKnownFileType = sourcecode.c.objc; path = WXClient.m; sourceTree = "<group>"; };
		3C425FE0187C5E65001CE448 /* WXManager.h */ = {isa = PBXFileReference; fileEncoding = 4; lastKnownFileType = sourcecode.c.h; path = WXManager.h; sourceTree = "<group>"; };
		3C425FE1187C5E65001CE448 /* WXManager.m */ = {isa = PBXFileReference; fileEncoding = 4; lastKnownFileType = sourcecode.c.objc; path = WXManager.m; sourceTree = "<group>"; };
		3C425FE4187C5E7E001CE448 /* WXCondition.h */ = {isa = PBXFileReference; fileEncoding = 4; lastKnownFileType = sourcecode.c.h; path = WXCondition.h; sourceTree = "<group>"; };
		3C425FE5187C5E7E001CE448 /* WXCondition.m */ = {isa = PBXFileReference; fileEncoding = 4; lastKnownFileType = sourcecode.c.objc; path = WXCondition.m; sourceTree = "<group>"; };
		3C425FE8187C5E98001CE448 /* WXDailyForecast.h */ = {isa = PBXFileReference; fileEncoding = 4; lastKnownFileType = sourcecode.c.h; path = WXDailyForecast.h; sourceTree = "<group>"; };
		3C425FE9187C5E98001CE448 /* WXDailyForecast.m */ = {isa = PBXFileReference; fileEncoding = 4; lastKnownFileType = sourcecode.c.objc; path = WXDailyForecast.m; sourceTree = "<group>"; };
		3C6BB26A187C4EAC00F4EC8F /* SimpleWeather.app */ = {isa = PBXFileReference; explicitFileType = wrapper.application; includeInIndex = 0; path = SimpleWeather.app; sourceTree = BUILT_PRODUCTS_DIR; };
		3C6BB26D187C4EAC00F4EC8F /* Foundation.framework */ = {isa = PBXFileReference; lastKnownFileType = wrapper.framework; name = Foundation.framework; path = System/Library/Frameworks/Foundation.framework; sourceTree = SDKROOT; };
		3C6BB26F187C4EAC00F4EC8F /* CoreGraphics.framework */ = {isa = PBXFileReference; lastKnownFileType = wrapper.framework; name = CoreGraphics.framework; path = System/Library/Frameworks/CoreGraphics.framework; sourceTree = SDKROOT; };
		3C6BB271187C4EAC00F4EC8F /* UIKit.framework */ = {isa = PBXFileReference; lastKnownFileType = wrapper.framework; name = UIKit.framework; path = System/Library/Frameworks/UIKit.framework; sourceTree = SDKROOT; };
		3C6BB275187C4EAC00F4EC8F /* SimpleWeather-Info.plist */ = {isa = PBXFileReference; lastKnownFileType = text.plist.xml; path = "SimpleWeather-Info.plist"; sourceTree = "<group>"; };
		3C6BB277187C4EAC00F4EC8F /* en */ = {isa = PBXFileReference; lastKnownFileType = text.plist.strings; name = en; path = en.lproj/InfoPlist.strings; sourceTree = "<group>"; };
		3C6BB279187C4EAC00F4EC8F /* main.m */ = {isa = PBXFileReference; lastKnownFileType = sourcecode.c.objc; path = main.m; sourceTree = "<group>"; };
		3C6BB27B187C4EAC00F4EC8F /* SimpleWeather-Prefix.pch */ = {isa = PBXFileReference; lastKnownFileType = sourcecode.c.h; path = "SimpleWeather-Prefix.pch"; sourceTree = "<group>"; };
		3C6BB27C187C4EAC00F4EC8F /* JKAppDelegate.h */ = {isa = PBXFileReference; lastKnownFileType = sourcecode.c.h; path = JKAppDelegate.h; sourceTree = "<group>"; };
		3C6BB27D187C4EAC00F4EC8F /* JKAppDelegate.m */ = {isa = PBXFileReference; lastKnownFileType = sourcecode.c.objc; path = JKAppDelegate.m; sourceTree = "<group>"; };
		3C6BB27F187C4EAC00F4EC8F /* Images.xcassets */ = {isa = PBXFileReference; lastKnownFileType = folder.assetcatalog; path = Images.xcassets; sourceTree = "<group>"; };
		3C6BB285187C4EAC00F4EC8F /* SimpleWeatherTests.xctest */ = {isa = PBXFileReference; explicitFileType = wrapper.cfbundle; includeInIndex = 0; path = SimpleWeatherTests.xctest; sourceTree = BUILT_PRODUCTS_DIR; };
		3C6BB286187C4EAC00F4EC8F /* XCTest.framework */ = {isa = PBXFileReference; lastKnownFileType = wrapper.framework; name = XCTest.framework; path = Library/Frameworks/XCTest.framework; sourceTree = DEVELOPER_DIR; };
		3C6BB28E187C4EAC00F4EC8F /* SimpleWeatherTests-Info.plist */ = {isa = PBXFileReference; lastKnownFileType = text.plist.xml; path = "SimpleWeatherTests-Info.plist"; sourceTree = "<group>"; };
		3C6BB290187C4EAC00F4EC8F /* en */ = {isa = PBXFileReference; lastKnownFileType = text.plist.strings; name = en; path = en.lproj/InfoPlist.strings; sourceTree = "<group>"; };
		3C6BB292187C4EAC00F4EC8F /* SimpleWeatherTests.m */ = {isa = PBXFileReference; lastKnownFileType = sourcecode.c.objc; path = SimpleWeatherTests.m; sourceTree = "<group>"; };
/* End PBXFileReference section */

/* Begin PBXFrameworksBuildPhase section */
		3C6BB267187C4EAC00F4EC8F /* Frameworks */ = {
			isa = PBXFrameworksBuildPhase;
			buildActionMask = 2147483647;
			files = (
				3C6BB270187C4EAC00F4EC8F /* CoreGraphics.framework in Frameworks */,
				3C6BB272187C4EAC00F4EC8F /* UIKit.framework in Frameworks */,
				3C6BB26E187C4EAC00F4EC8F /* Foundation.framework in Frameworks */,
				75545EBF1F53424DBF60F10E /* libPods.a in Frameworks */,
			);
			runOnlyForDeploymentPostprocessing = 0;
		};
		3C6BB282187C4EAC00F4EC8F /* Frameworks */ = {
			isa = PBXFrameworksBuildPhase;
			buildActionMask = 2147483647;
			files = (
				3C6BB287187C4EAC00F4EC8F /* XCTest.framework in Frameworks */,
				3C6BB289187C4EAC00F4EC8F /* UIKit.framework in Frameworks */,
				3C6BB288187C4EAC00F4EC8F /* Foundation.framework in Frameworks */,
			);
			runOnlyForDeploymentPostprocessing = 0;
		};
/* End PBXFrameworksBuildPhase section */

/* Begin PBXGroup section */
		3C6BB261187C4EAC00F4EC8F = {
			isa = PBXGroup;
			children = (
				3C6BB273187C4EAC00F4EC8F /* SimpleWeather */,
				3C6BB28C187C4EAC00F4EC8F /* SimpleWeatherTests */,
				3C6BB26C187C4EAC00F4EC8F /* Frameworks */,
				3C6BB26B187C4EAC00F4EC8F /* Products */,
				2C85E4DBEE304FF3BC3D74AA /* Pods.xcconfig */,
			);
			sourceTree = "<group>";
		};
		3C6BB26B187C4EAC00F4EC8F /* Products */ = {
			isa = PBXGroup;
			children = (
				3C6BB26A187C4EAC00F4EC8F /* SimpleWeather.app */,
				3C6BB285187C4EAC00F4EC8F /* SimpleWeatherTests.xctest */,
			);
			name = Products;
			sourceTree = "<group>";
		};
		3C6BB26C187C4EAC00F4EC8F /* Frameworks */ = {
			isa = PBXGroup;
			children = (
				3C6BB26D187C4EAC00F4EC8F /* Foundation.framework */,
				3C6BB26F187C4EAC00F4EC8F /* CoreGraphics.framework */,
				3C6BB271187C4EAC00F4EC8F /* UIKit.framework */,
				3C6BB286187C4EAC00F4EC8F /* XCTest.framework */,
				1914E24D291F407396742FE0 /* libPods.a */,
			);
			name = Frameworks;
			sourceTree = "<group>";
		};
		3C6BB273187C4EAC00F4EC8F /* SimpleWeather */ = {
			isa = PBXGroup;
			children = (
				3C6BB27C187C4EAC00F4EC8F /* JKAppDelegate.h */,
				3C6BB27D187C4EAC00F4EC8F /* JKAppDelegate.m */,
				3C425F88187C51A5001CE448 /* WXController.h */,
				3C425F89187C51A5001CE448 /* WXController.m */,
				1F6FD709188438C100DA1F6C /* WXForecastTableViewController.h */,
				1F6FD70A188438C100DA1F6C /* WXForecastTableViewController.m */,
				3C425FDC187C5E5A001CE448 /* WXClient.h */,
				3C425FDD187C5E5A001CE448 /* WXClient.m */,
				3C425FE0187C5E65001CE448 /* WXManager.h */,
				3C425FE1187C5E65001CE448 /* WXManager.m */,
				3C425FE4187C5E7E001CE448 /* WXCondition.h */,
				3C425FE5187C5E7E001CE448 /* WXCondition.m */,
				3C425FE8187C5E98001CE448 /* WXDailyForecast.h */,
				3C425FE9187C5E98001CE448 /* WXDailyForecast.m */,
				1FA30082188164F60070114A /* UIView+AutoLayout.h */,
				1FA30083188164F60070114A /* UIView+AutoLayout.m */,
				3C6BB27F187C4EAC00F4EC8F /* Images.xcassets */,
				3C6BB274187C4EAC00F4EC8F /* Supporting Files */,
			);
			path = SimpleWeather;
			sourceTree = "<group>";
		};
		3C6BB274187C4EAC00F4EC8F /* Supporting Files */ = {
			isa = PBXGroup;
			children = (
				3C6BB275187C4EAC00F4EC8F /* SimpleWeather-Info.plist */,
				3C6BB276187C4EAC00F4EC8F /* InfoPlist.strings */,
				3C6BB279187C4EAC00F4EC8F /* main.m */,
				3C6BB27B187C4EAC00F4EC8F /* SimpleWeather-Prefix.pch */,
			);
			name = "Supporting Files";
			sourceTree = "<group>";
		};
		3C6BB28C187C4EAC00F4EC8F /* SimpleWeatherTests */ = {
			isa = PBXGroup;
			children = (
				3C6BB292187C4EAC00F4EC8F /* SimpleWeatherTests.m */,
				3C6BB28D187C4EAC00F4EC8F /* Supporting Files */,
			);
			path = SimpleWeatherTests;
			sourceTree = "<group>";
		};
		3C6BB28D187C4EAC00F4EC8F /* Supporting Files */ = {
			isa = PBXGroup;
			children = (
				3C6BB28E187C4EAC00F4EC8F /* SimpleWeatherTests-Info.plist */,
				3C6BB28F187C4EAC00F4EC8F /* InfoPlist.strings */,
			);
			name = "Supporting Files";
			sourceTree = "<group>";
		};
/* End PBXGroup section */

/* Begin PBXNativeTarget section */
		3C6BB269187C4EAC00F4EC8F /* SimpleWeather */ = {
			isa = PBXNativeTarget;
			buildConfigurationList = 3C6BB296187C4EAC00F4EC8F /* Build configuration list for PBXNativeTarget "SimpleWeather" */;
			buildPhases = (
				EBD7FF2675764889BBC4E21F /* Check Pods Manifest.lock */,
				3C6BB266187C4EAC00F4EC8F /* Sources */,
				3C6BB267187C4EAC00F4EC8F /* Frameworks */,
				3C6BB268187C4EAC00F4EC8F /* Resources */,
				DCFC490B580C41FF8EA20E6B /* Copy Pods Resources */,
			);
			buildRules = (
			);
			dependencies = (
			);
			name = SimpleWeather;
			productName = SimpleWeather;
			productReference = 3C6BB26A187C4EAC00F4EC8F /* SimpleWeather.app */;
			productType = "com.apple.product-type.application";
		};
		3C6BB284187C4EAC00F4EC8F /* SimpleWeatherTests */ = {
			isa = PBXNativeTarget;
			buildConfigurationList = 3C6BB299187C4EAC00F4EC8F /* Build configuration list for PBXNativeTarget "SimpleWeatherTests" */;
			buildPhases = (
				3C6BB281187C4EAC00F4EC8F /* Sources */,
				3C6BB282187C4EAC00F4EC8F /* Frameworks */,
				3C6BB283187C4EAC00F4EC8F /* Resources */,
			);
			buildRules = (
			);
			dependencies = (
				3C6BB28B187C4EAC00F4EC8F /* PBXTargetDependency */,
			);
			name = SimpleWeatherTests;
			productName = SimpleWeatherTests;
			productReference = 3C6BB285187C4EAC00F4EC8F /* SimpleWeatherTests.xctest */;
			productType = "com.apple.product-type.bundle.unit-test";
		};
/* End PBXNativeTarget section */

/* Begin PBXProject section */
		3C6BB262187C4EAC00F4EC8F /* Project object */ = {
			isa = PBXProject;
			attributes = {
				CLASSPREFIX = JK;
				LastUpgradeCheck = 0500;
				ORGANIZATIONNAME = "Jeff Kempista";
				TargetAttributes = {
					3C6BB284187C4EAC00F4EC8F = {
						TestTargetID = 3C6BB269187C4EAC00F4EC8F;
					};
				};
			};
			buildConfigurationList = 3C6BB265187C4EAC00F4EC8F /* Build configuration list for PBXProject "SimpleWeather" */;
			compatibilityVersion = "Xcode 3.2";
			developmentRegion = English;
			hasScannedForEncodings = 0;
			knownRegions = (
				en,
			);
			mainGroup = 3C6BB261187C4EAC00F4EC8F;
			productRefGroup = 3C6BB26B187C4EAC00F4EC8F /* Products */;
			projectDirPath = "";
			projectRoot = "";
			targets = (
				3C6BB269187C4EAC00F4EC8F /* SimpleWeather */,
				3C6BB284187C4EAC00F4EC8F /* SimpleWeatherTests */,
			);
		};
/* End PBXProject section */

/* Begin PBXResourcesBuildPhase section */
		3C6BB268187C4EAC00F4EC8F /* Resources */ = {
			isa = PBXResourcesBuildPhase;
			buildActionMask = 2147483647;
			files = (
				3C6BB278187C4EAC00F4EC8F /* InfoPlist.strings in Resources */,
				3C6BB280187C4EAC00F4EC8F /* Images.xcassets in Resources */,
			);
			runOnlyForDeploymentPostprocessing = 0;
		};
		3C6BB283187C4EAC00F4EC8F /* Resources */ = {
			isa = PBXResourcesBuildPhase;
			buildActionMask = 2147483647;
			files = (
				3C6BB291187C4EAC00F4EC8F /* InfoPlist.strings in Resources */,
			);
			runOnlyForDeploymentPostprocessing = 0;
		};
/* End PBXResourcesBuildPhase section */

/* Begin PBXShellScriptBuildPhase section */
		DCFC490B580C41FF8EA20E6B /* Copy Pods Resources */ = {
			isa = PBXShellScriptBuildPhase;
			buildActionMask = 2147483647;
			files = (
			);
			inputPaths = (
			);
			name = "Copy Pods Resources";
			outputPaths = (
			);
			runOnlyForDeploymentPostprocessing = 0;
			shellPath = /bin/sh;
			shellScript = "\"${SRCROOT}/Pods/Pods-resources.sh\"\n";
			showEnvVarsInLog = 0;
		};
		EBD7FF2675764889BBC4E21F /* Check Pods Manifest.lock */ = {
			isa = PBXShellScriptBuildPhase;
			buildActionMask = 2147483647;
			files = (
			);
			inputPaths = (
			);
			name = "Check Pods Manifest.lock";
			outputPaths = (
			);
			runOnlyForDeploymentPostprocessing = 0;
			shellPath = /bin/sh;
			shellScript = "diff \"${PODS_ROOT}/../Podfile.lock\" \"${PODS_ROOT}/Manifest.lock\" > /dev/null\nif [[ $? != 0 ]] ; then\n    cat << EOM\nerror: The sandbox is not in sync with the Podfile.lock. Run 'pod install' or update your CocoaPods installation.\nEOM\n    exit 1\nfi\n";
			showEnvVarsInLog = 0;
		};
/* End PBXShellScriptBuildPhase section */

/* Begin PBXSourcesBuildPhase section */
		3C6BB266187C4EAC00F4EC8F /* Sources */ = {
			isa = PBXSourcesBuildPhase;
			buildActionMask = 2147483647;
			files = (
				3C425FE2187C5E65001CE448 /* WXManager.m in Sources */,
				1FA30084188164F60070114A /* UIView+AutoLayout.m in Sources */,
				1F6FD70B188438C100DA1F6C /* WXForecastTableViewController.m in Sources */,
				3C425FEA187C5E98001CE448 /* WXDailyForecast.m in Sources */,
				3C6BB27A187C4EAC00F4EC8F /* main.m in Sources */,
				3C6BB27E187C4EAC00F4EC8F /* JKAppDelegate.m in Sources */,
				3C425F8A187C51A5001CE448 /* WXController.m in Sources */,
				3C425FE6187C5E7E001CE448 /* WXCondition.m in Sources */,
				3C425FDE187C5E5A001CE448 /* WXClient.m in Sources */,
			);
			runOnlyForDeploymentPostprocessing = 0;
		};
		3C6BB281187C4EAC00F4EC8F /* Sources */ = {
			isa = PBXSourcesBuildPhase;
			buildActionMask = 2147483647;
			files = (
				3C425FE3187C5E65001CE448 /* WXManager.m in Sources */,
				3C425FEB187C5E98001CE448 /* WXDailyForecast.m in Sources */,
				3C425FE7187C5E7E001CE448 /* WXCondition.m in Sources */,
				3C425F8B187C51A5001CE448 /* WXController.m in Sources */,
				3C6BB293187C4EAC00F4EC8F /* SimpleWeatherTests.m in Sources */,
				1FA30085188164F60070114A /* UIView+AutoLayout.m in Sources */,
				3C425FDF187C5E5A001CE448 /* WXClient.m in Sources */,
				1F6FD70C188438C100DA1F6C /* WXForecastTableViewController.m in Sources */,
			);
			runOnlyForDeploymentPostprocessing = 0;
		};
/* End PBXSourcesBuildPhase section */

/* Begin PBXTargetDependency section */
		3C6BB28B187C4EAC00F4EC8F /* PBXTargetDependency */ = {
			isa = PBXTargetDependency;
			target = 3C6BB269187C4EAC00F4EC8F /* SimpleWeather */;
			targetProxy = 3C6BB28A187C4EAC00F4EC8F /* PBXContainerItemProxy */;
		};
/* End PBXTargetDependency section */

/* Begin PBXVariantGroup section */
		3C6BB276187C4EAC00F4EC8F /* InfoPlist.strings */ = {
			isa = PBXVariantGroup;
			children = (
				3C6BB277187C4EAC00F4EC8F /* en */,
			);
			name = InfoPlist.strings;
			sourceTree = "<group>";
		};
		3C6BB28F187C4EAC00F4EC8F /* InfoPlist.strings */ = {
			isa = PBXVariantGroup;
			children = (
				3C6BB290187C4EAC00F4EC8F /* en */,
			);
			name = InfoPlist.strings;
			sourceTree = "<group>";
		};
/* End PBXVariantGroup section */

/* Begin XCBuildConfiguration section */
		3C6BB294187C4EAC00F4EC8F /* Debug */ = {
			isa = XCBuildConfiguration;
			buildSettings = {
				ALWAYS_SEARCH_USER_PATHS = NO;
				ARCHS = "$(ARCHS_STANDARD_INCLUDING_64_BIT)";
				CLANG_CXX_LANGUAGE_STANDARD = "gnu++0x";
				CLANG_CXX_LIBRARY = "libc++";
				CLANG_ENABLE_MODULES = YES;
				CLANG_ENABLE_OBJC_ARC = YES;
				CLANG_WARN_BOOL_CONVERSION = YES;
				CLANG_WARN_CONSTANT_CONVERSION = YES;
				CLANG_WARN_DIRECT_OBJC_ISA_USAGE = YES_ERROR;
				CLANG_WARN_EMPTY_BODY = YES;
				CLANG_WARN_ENUM_CONVERSION = YES;
				CLANG_WARN_INT_CONVERSION = YES;
				CLANG_WARN_OBJC_ROOT_CLASS = YES_ERROR;
				CLANG_WARN__DUPLICATE_METHOD_MATCH = YES;
				"CODE_SIGN_IDENTITY[sdk=iphoneos*]" = "iPhone Developer";
				COPY_PHASE_STRIP = NO;
				GCC_C_LANGUAGE_STANDARD = gnu99;
				GCC_DYNAMIC_NO_PIC = NO;
				GCC_OPTIMIZATION_LEVEL = 0;
				GCC_PREPROCESSOR_DEFINITIONS = (
					"DEBUG=1",
					"$(inherited)",
				);
				GCC_SYMBOLS_PRIVATE_EXTERN = NO;
				GCC_WARN_64_TO_32_BIT_CONVERSION = YES;
				GCC_WARN_ABOUT_RETURN_TYPE = YES_ERROR;
				GCC_WARN_UNDECLARED_SELECTOR = YES;
				GCC_WARN_UNINITIALIZED_AUTOS = YES;
				GCC_WARN_UNUSED_FUNCTION = YES;
				GCC_WARN_UNUSED_VARIABLE = YES;
				IPHONEOS_DEPLOYMENT_TARGET = 7.0;
				ONLY_ACTIVE_ARCH = YES;
				SDKROOT = iphoneos;
			};
			name = Debug;
		};
		3C6BB295187C4EAC00F4EC8F /* Release */ = {
			isa = XCBuildConfiguration;
			buildSettings = {
				ALWAYS_SEARCH_USER_PATHS = NO;
				ARCHS = "$(ARCHS_STANDARD_INCLUDING_64_BIT)";
				CLANG_CXX_LANGUAGE_STANDARD = "gnu++0x";
				CLANG_CXX_LIBRARY = "libc++";
				CLANG_ENABLE_MODULES = YES;
				CLANG_ENABLE_OBJC_ARC = YES;
				CLANG_WARN_BOOL_CONVERSION = YES;
				CLANG_WARN_CONSTANT_CONVERSION = YES;
				CLANG_WARN_DIRECT_OBJC_ISA_USAGE = YES_ERROR;
				CLANG_WARN_EMPTY_BODY = YES;
				CLANG_WARN_ENUM_CONVERSION = YES;
				CLANG_WARN_INT_CONVERSION = YES;
				CLANG_WARN_OBJC_ROOT_CLASS = YES_ERROR;
				CLANG_WARN__DUPLICATE_METHOD_MATCH = YES;
				"CODE_SIGN_IDENTITY[sdk=iphoneos*]" = "iPhone Developer";
				COPY_PHASE_STRIP = YES;
				ENABLE_NS_ASSERTIONS = NO;
				GCC_C_LANGUAGE_STANDARD = gnu99;
				GCC_WARN_64_TO_32_BIT_CONVERSION = YES;
				GCC_WARN_ABOUT_RETURN_TYPE = YES_ERROR;
				GCC_WARN_UNDECLARED_SELECTOR = YES;
				GCC_WARN_UNINITIALIZED_AUTOS = YES;
				GCC_WARN_UNUSED_FUNCTION = YES;
				GCC_WARN_UNUSED_VARIABLE = YES;
				IPHONEOS_DEPLOYMENT_TARGET = 7.0;
				SDKROOT = iphoneos;
				VALIDATE_PRODUCT = YES;
			};
			name = Release;
		};
		3C6BB297187C4EAC00F4EC8F /* Debug */ = {
			isa = XCBuildConfiguration;
			baseConfigurationReference = 2C85E4DBEE304FF3BC3D74AA /* Pods.xcconfig */;
			buildSettings = {
				ASSETCATALOG_COMPILER_APPICON_NAME = AppIcon;
				ASSETCATALOG_COMPILER_LAUNCHIMAGE_NAME = LaunchImage;
				GCC_PRECOMPILE_PREFIX_HEADER = YES;
				GCC_PREFIX_HEADER = "SimpleWeather/SimpleWeather-Prefix.pch";
				INFOPLIST_FILE = "SimpleWeather/SimpleWeather-Info.plist";
				PRODUCT_NAME = "$(TARGET_NAME)";
				WRAPPER_EXTENSION = app;
			};
			name = Debug;
		};
		3C6BB298187C4EAC00F4EC8F /* Release */ = {
			isa = XCBuildConfiguration;
			baseConfigurationReference = 2C85E4DBEE304FF3BC3D74AA /* Pods.xcconfig */;
			buildSettings = {
				ASSETCATALOG_COMPILER_APPICON_NAME = AppIcon;
				ASSETCATALOG_COMPILER_LAUNCHIMAGE_NAME = LaunchImage;
				GCC_PRECOMPILE_PREFIX_HEADER = YES;
				GCC_PREFIX_HEADER = "SimpleWeather/SimpleWeather-Prefix.pch";
				INFOPLIST_FILE = "SimpleWeather/SimpleWeather-Info.plist";
				PRODUCT_NAME = "$(TARGET_NAME)";
				WRAPPER_EXTENSION = app;
			};
			name = Release;
		};
		3C6BB29A187C4EAC00F4EC8F /* Debug */ = {
			isa = XCBuildConfiguration;
			buildSettings = {
				ARCHS = "$(ARCHS_STANDARD_INCLUDING_64_BIT)";
				BUNDLE_LOADER = "$(BUILT_PRODUCTS_DIR)/SimpleWeather.app/SimpleWeather";
				FRAMEWORK_SEARCH_PATHS = (
					"$(SDKROOT)/Developer/Library/Frameworks",
					"$(inherited)",
					"$(DEVELOPER_FRAMEWORKS_DIR)",
				);
				GCC_PRECOMPILE_PREFIX_HEADER = YES;
				GCC_PREFIX_HEADER = "SimpleWeather/SimpleWeather-Prefix.pch";
				GCC_PREPROCESSOR_DEFINITIONS = (
					"DEBUG=1",
					"$(inherited)",
				);
				INFOPLIST_FILE = "SimpleWeatherTests/SimpleWeatherTests-Info.plist";
				PRODUCT_NAME = "$(TARGET_NAME)";
				TEST_HOST = "$(BUNDLE_LOADER)";
				WRAPPER_EXTENSION = xctest;
			};
			name = Debug;
		};
		3C6BB29B187C4EAC00F4EC8F /* Release */ = {
			isa = XCBuildConfiguration;
			buildSettings = {
				ARCHS = "$(ARCHS_STANDARD_INCLUDING_64_BIT)";
				BUNDLE_LOADER = "$(BUILT_PRODUCTS_DIR)/SimpleWeather.app/SimpleWeather";
				FRAMEWORK_SEARCH_PATHS = (
					"$(SDKROOT)/Developer/Library/Frameworks",
					"$(inherited)",
					"$(DEVELOPER_FRAMEWORKS_DIR)",
				);
				GCC_PRECOMPILE_PREFIX_HEADER = YES;
				GCC_PREFIX_HEADER = "SimpleWeather/SimpleWeather-Prefix.pch";
				INFOPLIST_FILE = "SimpleWeatherTests/SimpleWeatherTests-Info.plist";
				PRODUCT_NAME = "$(TARGET_NAME)";
				TEST_HOST = "$(BUNDLE_LOADER)";
				WRAPPER_EXTENSION = xctest;
			};
			name = Release;
		};
/* End XCBuildConfiguration section */

/* Begin XCConfigurationList section */
		3C6BB265187C4EAC00F4EC8F /* Build configuration list for PBXProject "SimpleWeather" */ = {
			isa = XCConfigurationList;
			buildConfigurations = (
				3C6BB294187C4EAC00F4EC8F /* Debug */,
				3C6BB295187C4EAC00F4EC8F /* Release */,
			);
			defaultConfigurationIsVisible = 0;
			defaultConfigurationName = Release;
		};
		3C6BB296187C4EAC00F4EC8F /* Build configuration list for PBXNativeTarget "SimpleWeather" */ = {
			isa = XCConfigurationList;
			buildConfigurations = (
				3C6BB297187C4EAC00F4EC8F /* Debug */,
				3C6BB298187C4EAC00F4EC8F /* Release */,
			);
			defaultConfigurationIsVisible = 0;
			defaultConfigurationName = Release;
		};
		3C6BB299187C4EAC00F4EC8F /* Build configuration list for PBXNativeTarget "SimpleWeatherTests" */ = {
			isa = XCConfigurationList;
			buildConfigurations = (
				3C6BB29A187C4EAC00F4EC8F /* Debug */,
				3C6BB29B187C4EAC00F4EC8F /* Release */,
			);
			defaultConfigurationIsVisible = 0;
			defaultConfigurationName = Release;
		};
/* End XCConfigurationList section */
	};
	rootObject = 3C6BB262187C4EAC00F4EC8F /* Project object */;
}
